
Microsoft Visual Studio Solution File, Format Version 12.00
Project("{2150E333-8FDC-42A3-9474-1A3956D46DE8}") = "src", "src", "{591425CA-A9D9-4BB4-A8AB-55F4B3376AEA}"
EndProject
Project("{2150E333-8FDC-42A3-9474-1A3956D46DE8}") = "tests", "tests", "{B161F038-E5B7-4550-9638-9B38502A3256}"
EndProject
Project("{2150E333-8FDC-42A3-9474-1A3956D46DE8}") = "Core", "Core", "{9D5DC5FA-CC1A-4674-944C-7FA1B4C4B4D1}"
EndProject
Project("{2150E333-8FDC-42A3-9474-1A3956D46DE8}") = "External", "External", "{3213F18F-D282-4A78-B012-512578BEF961}"
EndProject
Project("{FAE04EC0-301F-11D3-BF4B-00C04F79EFBC}") = "Domain", "Domain\Domain.csproj", "{CBF89BAA-4E27-409F-AE56-B0CB5CD07764}"
EndProject
Project("{FAE04EC0-301F-11D3-BF4B-00C04F79EFBC}") = "Application", "Application\Application.csproj", "{0984004E-C9A9-42FD-8621-E22C9D9DB81D}"
EndProject
Project("{FAE04EC0-301F-11D3-BF4B-00C04F79EFBC}") = "Infrastructure", "Infrastructure\Infrastructure.csproj", "{C531450E-E170-4128-A675-99CE5BE34008}"
EndProject
Project("{FAE04EC0-301F-11D3-BF4B-00C04F79EFBC}") = "Presentation", "Presentation\Presentation.csproj", "{CE4C235A-6FD8-4A3D-9BDC-E6CB1831A55D}"
EndProject
Global
	GlobalSection(SolutionConfigurationPlatforms) = preSolution
		Debug|Any CPU = Debug|Any CPU
		Release|Any CPU = Release|Any CPU
	EndGlobalSection
	GlobalSection(NestedProjects) = preSolution
		{9D5DC5FA-CC1A-4674-944C-7FA1B4C4B4D1} = {591425CA-A9D9-4BB4-A8AB-55F4B3376AEA}
		{3213F18F-D282-4A78-B012-512578BEF961} = {591425CA-A9D9-4BB4-A8AB-55F4B3376AEA}
		{CBF89BAA-4E27-409F-AE56-B0CB5CD07764} = {9D5DC5FA-CC1A-4674-944C-7FA1B4C4B4D1}
		{0984004E-C9A9-42FD-8621-E22C9D9DB81D} = {9D5DC5FA-CC1A-4674-944C-7FA1B4C4B4D1}
		{C531450E-E170-4128-A675-99CE5BE34008} = {3213F18F-D282-4A78-B012-512578BEF961}
		{CE4C235A-6FD8-4A3D-9BDC-E6CB1831A55D} = {3213F18F-D282-4A78-B012-512578BEF961}
	EndGlobalSection
	GlobalSection(ProjectConfigurationPlatforms) = postSolution
		{CBF89BAA-4E27-409F-AE56-B0CB5CD07764}.Debug|Any CPU.ActiveCfg = Debug|Any CPU
		{CBF89BAA-4E27-409F-AE56-B0CB5CD07764}.Debug|Any CPU.Build.0 = Debug|Any CPU
		{CBF89BAA-4E27-409F-AE56-B0CB5CD07764}.Release|Any CPU.ActiveCfg = Release|Any CPU
		{CBF89BAA-4E27-409F-AE56-B0CB5CD07764}.Release|Any CPU.Build.0 = Release|Any CPU
		{0984004E-C9A9-42FD-8621-E22C9D9DB81D}.Debug|Any CPU.ActiveCfg = Debug|Any CPU
		{0984004E-C9A9-42FD-8621-E22C9D9DB81D}.Debug|Any CPU.Build.0 = Debug|Any CPU
		{0984004E-C9A9-42FD-8621-E22C9D9DB81D}.Release|Any CPU.ActiveCfg = Release|Any CPU
		{0984004E-C9A9-42FD-8621-E22C9D9DB81D}.Release|Any CPU.Build.0 = Release|Any CPU
		{C531450E-E170-4128-A675-99CE5BE34008}.Debug|Any CPU.ActiveCfg = Debug|Any CPU
		{C531450E-E170-4128-A675-99CE5BE34008}.Debug|Any CPU.Build.0 = Debug|Any CPU
		{C531450E-E170-4128-A675-99CE5BE34008}.Release|Any CPU.ActiveCfg = Release|Any CPU
		{C531450E-E170-4128-A675-99CE5BE34008}.Release|Any CPU.Build.0 = Release|Any CPU
		{CE4C235A-6FD8-4A3D-9BDC-E6CB1831A55D}.Debug|Any CPU.ActiveCfg = Debug|Any CPU
		{CE4C235A-6FD8-4A3D-9BDC-E6CB1831A55D}.Debug|Any CPU.Build.0 = Debug|Any CPU
		{CE4C235A-6FD8-4A3D-9BDC-E6CB1831A55D}.Release|Any CPU.ActiveCfg = Release|Any CPU
		{CE4C235A-6FD8-4A3D-9BDC-E6CB1831A55D}.Release|Any CPU.Build.0 = Release|Any CPU
	EndGlobalSection
EndGlobal
